PODS:
  - Font (0.4.0)
  - Nimble (7.3.2)
  - Quick (1.3.2)

DEPENDENCIES:
  - Font (from `../`)
  - Nimble
  - Quick

SPEC REPOS:
  https://github.com/cocoapods/specs.git:
    - Nimble
    - Quick

EXTERNAL SOURCES:
  Font:
    :path: "../"

SPEC CHECKSUMS:
  Font: 5507f7bfe5dc91e84726fa534520b436a8d82e75
  Nimble: 5e94a8cacb355943c6c87198035dc4adbb0f10e4
  Quick: 2623cb30d7a7f41ca62f684f679586558f483d46

PODFILE CHECKSUM: 5b8edb1f3f03257d05596a2d980521f18bcd0181

COCOAPODS: 1.5.3
