PODS:
  - Font (0.1.0)
  - Nimble (5.0.0-alpha.30p1)
  - Quick (0.9.3)

DEPENDENCIES:
  - Font (from `../`)
  - Nimble (from `https://github.com/norio-nomura/Nimble.git`, branch `nn-swift-3-compatibility`)
  - Quick (from `https://github.com/norio-nomura/Quick.git`, branch `nn-swift-3-compatibility`)

EXTERNAL SOURCES:
  Font:
    :path: "../"
  Nimble:
    :branch: nn-swift-3-compatibility
    :git: https://github.com/norio-nomura/Nimble.git
  Quick:
    :branch: nn-swift-3-compatibility
    :git: https://github.com/norio-nomura/Quick.git

CHECKOUT OPTIONS:
  Nimble:
    :commit: 3d82a185b49e8fc9f40e7b72feeb279c778f0935
    :git: https://github.com/norio-nomura/Nimble.git
  Quick:
    :commit: 4a7f1d0a7db637c3ca15b8f198a516fbc5581f87
    :git: https://github.com/norio-nomura/Quick.git

SPEC CHECKSUMS:
  Font: 53e368a3f4bb5873628c7c2e6124b9d03e57dda2
  Nimble: c5b995b4cd57789ec44b0cfb79640fc00e61a8c7
  Quick: 31fb576b6cbb6b028cc5e0016e4366accbb346f5

PODFILE CHECKSUM: 9f93d7cefe73d3fdc10815a9bc3cd2552f3cf9f5

COCOAPODS: 1.1.0.beta.1
